
Microsoft Visual Studio Solution File, Format Version 12.00
# Visual Studio Version 17
VisualStudioVersion = 17.14.36203.30 d17.14
MinimumVisualStudioVersion = 10.0.40219.1
Project("{FAE04EC0-301F-11D3-BF4B-00C04F79EFBC}") = "DBProject", "DBProject.csproj", "{1A14BFC7-77C8-4CFE-9280-D503B36C9EFE}"
EndProject
Global
	GlobalSection(SolutionConfigurationPlatforms) = preSolution
		Debug|Any CPU = Debug|Any CPU
		Release|Any CPU = Release|Any CPU
	EndGlobalSection
	GlobalSection(ProjectConfigurationPlatforms) = postSolution
		{1A14BFC7-77C8-4CFE-9280-D503B36C9EFE}.Debug|Any CPU.ActiveCfg = Debug|Any CPU
		{1A14BFC7-77C8-4CFE-9280-D503B36C9EFE}.Debug|Any CPU.Build.0 = Debug|Any CPU
		{1A14BFC7-77C8-4CFE-9280-D503B36C9EFE}.Release|Any CPU.ActiveCfg = Release|Any CPU
		{1A14BFC7-77C8-4CFE-9280-D503B36C9EFE}.Release|Any CPU.Build.0 = Release|Any CPU
	EndGlobalSection
	GlobalSection(SolutionProperties) = preSolution
		HideSolutionNode = FALSE
	EndGlobalSection
	GlobalSection(ExtensibilityGlobals) = postSolution
		SolutionGuid = {8CC3FBB4-12F5-4E50-B2A2-814638DBB3CB}
	EndGlobalSection
EndGlobal
